
Microsoft Visual Studio Solution File, Format Version 12.00
# Visual Studio Version 17
VisualStudioVersion = 17.9.34607.119
MinimumVisualStudioVersion = 10.0.40219.1
Project("{9A19103F-16F7-4668-BE54-9A1E7A4F7556}") = "MyPortfolio.BlazorWasm", "MyPortfolio.BlazorWasm.csproj", "{A75A0F9B-17E5-4D51-854B-937C29B7A315}"
EndProject
Global
	GlobalSection(SolutionConfigurationPlatforms) = preSolution
		Debug|Any CPU = Debug|Any CPU
		Release|Any CPU = Release|Any CPU
	EndGlobalSection
	GlobalSection(ProjectConfigurationPlatforms) = postSolution
		{A75A0F9B-17E5-4D51-854B-937C29B7A315}.Debug|Any CPU.ActiveCfg = Debug|Any CPU
		{A75A0F9B-17E5-4D51-854B-937C29B7A315}.Debug|Any CPU.Build.0 = Debug|Any CPU
		{A75A0F9B-17E5-4D51-854B-937C29B7A315}.Release|Any CPU.ActiveCfg = Release|Any CPU
		{A75A0F9B-17E5-4D51-854B-937C29B7A315}.Release|Any CPU.Build.0 = Release|Any CPU
	EndGlobalSection
	GlobalSection(SolutionProperties) = preSolution
		HideSolutionNode = FALSE
	EndGlobalSection
	GlobalSection(ExtensibilityGlobals) = postSolution
		SolutionGuid = {510C5757-8999-4315-85B4-22797B1212C8}
	EndGlobalSection
EndGlobal
